# THIS IS AN AUTOGENERATED FILE. DO NOT EDIT THIS FILE DIRECTLY.
# yarn lockfile v1


zmail@^0.0.4:
  version "0.0.4"
  resolved "https://registry.yarnpkg.com/zmail/-/zmail-0.0.4.tgz#a9f2cd8ac92c453dcef608a63a6ef1a6dd30bf57"
  integrity sha512-p/2fHzI2QEJQmz0SYVxW0Eo0tk4tBR+NpOQsYNFnqoBI7m6PGL7Z9OF+Eyesh8orfCN0q3MZKVDJGEdXSoaJDQ==
